PODS:
  - LNStock (1.0.6)
  - MJExtension (3.0.11)
  - MJRefresh (3.1.9)
  - SDWebImage (3.8.1):
    - SDWebImage/Core (= 3.8.1)
  - SDWebImage/Core (3.8.1)

DEPENDENCIES:
  - LNStock
  - MJExtension
  - MJRefresh
  - SDWebImage

SPEC CHECKSUMS:
  LNStock: 7530c59e4e49670e08c871a425667f46438a5a60
  MJExtension: f9ae6ddc0f1c482c3c9af750280ccebd14381958
  MJRefresh: c5f1f1653e5a1b932c90f78074f2bc86f3f9bd5e
  SDWebImage: 35f9627a3e44b4f292a8a8ce6a531fa488239b91

COCOAPODS: 0.39.0
